
Microsoft Visual Studio Solution File, Format Version 12.00
# Visual Studio 15
VisualStudioVersion = 15.0.28307.329
MinimumVisualStudioVersion = 10.0.40219.1
Project("{FAE04EC0-301F-11D3-BF4B-00C04F79EFBC}") = "lluviaBackEnd", "lluviaBackEnd\lluviaBackEnd.csproj", "{EB9C70C5-1D8B-457A-827D-4FF2BA3ABE58}"
EndProject
Global
	GlobalSection(SolutionConfigurationPlatforms) = preSolution
		Debug|Any CPU = Debug|Any CPU
		Release|Any CPU = Release|Any CPU
	EndGlobalSection
	GlobalSection(ProjectConfigurationPlatforms) = postSolution
		{EB9C70C5-1D8B-457A-827D-4FF2BA3ABE58}.Debug|Any CPU.ActiveCfg = Debug|Any CPU
		{EB9C70C5-1D8B-457A-827D-4FF2BA3ABE58}.Debug|Any CPU.Build.0 = Debug|Any CPU
		{EB9C70C5-1D8B-457A-827D-4FF2BA3ABE58}.Release|Any CPU.ActiveCfg = Release|Any CPU
		{EB9C70C5-1D8B-457A-827D-4FF2BA3ABE58}.Release|Any CPU.Build.0 = Release|Any CPU
	EndGlobalSection
	GlobalSection(SolutionProperties) = preSolution
		HideSolutionNode = FALSE
	EndGlobalSection
	GlobalSection(ExtensibilityGlobals) = postSolution
		SolutionGuid = {77C2AC96-DAE6-4FEA-B7B6-93AC8CF26471}
	EndGlobalSection
EndGlobal
